
Microsoft Visual Studio Solution File, Format Version 12.00
# Visual Studio Version 17
VisualStudioVersion = 17.3.32825.248
MinimumVisualStudioVersion = 10.0.40219.1
Project("{9A19103F-16F7-4668-BE54-9A1E7A4F7556}") = "FrontCine", "FrontCine\FrontCine.csproj", "{404394F5-645C-4B73-BAE9-F83E4847FBCC}"
EndProject
Project("{9A19103F-16F7-4668-BE54-9A1E7A4F7556}") = "ApiCine", "ApiCine\ApiCine\ApiCine.csproj", "{9BDF3099-3EDE-4A8D-BDD2-6FEC3653A28A}"
EndProject
Project("{9A19103F-16F7-4668-BE54-9A1E7A4F7556}") = "DataCine", "Data\DataCine\DataCine.csproj", "{29D45706-1BDE-4D68-97B8-88128AE649A1}"
EndProject
Global
	GlobalSection(SolutionConfigurationPlatforms) = preSolution
		Debug|Any CPU = Debug|Any CPU
		Release|Any CPU = Release|Any CPU
	EndGlobalSection
	GlobalSection(ProjectConfigurationPlatforms) = postSolution
		{404394F5-645C-4B73-BAE9-F83E4847FBCC}.Debug|Any CPU.ActiveCfg = Debug|Any CPU
		{404394F5-645C-4B73-BAE9-F83E4847FBCC}.Debug|Any CPU.Build.0 = Debug|Any CPU
		{404394F5-645C-4B73-BAE9-F83E4847FBCC}.Release|Any CPU.ActiveCfg = Release|Any CPU
		{404394F5-645C-4B73-BAE9-F83E4847FBCC}.Release|Any CPU.Build.0 = Release|Any CPU
		{9BDF3099-3EDE-4A8D-BDD2-6FEC3653A28A}.Debug|Any CPU.ActiveCfg = Debug|Any CPU
		{9BDF3099-3EDE-4A8D-BDD2-6FEC3653A28A}.Debug|Any CPU.Build.0 = Debug|Any CPU
		{9BDF3099-3EDE-4A8D-BDD2-6FEC3653A28A}.Release|Any CPU.ActiveCfg = Release|Any CPU
		{9BDF3099-3EDE-4A8D-BDD2-6FEC3653A28A}.Release|Any CPU.Build.0 = Release|Any CPU
		{29D45706-1BDE-4D68-97B8-88128AE649A1}.Debug|Any CPU.ActiveCfg = Debug|Any CPU
		{29D45706-1BDE-4D68-97B8-88128AE649A1}.Debug|Any CPU.Build.0 = Debug|Any CPU
		{29D45706-1BDE-4D68-97B8-88128AE649A1}.Release|Any CPU.ActiveCfg = Release|Any CPU
		{29D45706-1BDE-4D68-97B8-88128AE649A1}.Release|Any CPU.Build.0 = Release|Any CPU
	EndGlobalSection
	GlobalSection(SolutionProperties) = preSolution
		HideSolutionNode = FALSE
	EndGlobalSection
	GlobalSection(ExtensibilityGlobals) = postSolution
		SolutionGuid = {1C3AAF1D-947E-4733-83F2-F38D46EE3F4F}
	EndGlobalSection
EndGlobal
